{
  "name": "web-api-auth-examples",
  "version": "0.0.1",
  "lockfileVersion": 1,
  "requires": true,
  "dependencies": {
    "accepts": {
      "version": "1.0.0",
      "resolved": "https://registry.npmjs.org/accepts/-/accepts-1.0.0.tgz",
      "integrity": "sha512-2GdyQ5yRXA5MZi1gmU/XUFQTo7FtXsR2Jt90pl1pQftbsRdXQn69Mycn7xNGxVVmu1xdzZKe/GyMHnDlcV7ojg==",
      "requires": {
        "mime": "~1.2.11",
        "negotiator": "~0.3.0"
      }
    },
    "ansi-colors": {
      "version": "4.1.1",
      "resolved": "https://registry.npmjs.org/ansi-colors/-/ansi-colors-4.1.1.tgz",
      "integrity": "sha512-JoX0apGbHaUJBNl6yF+p6JAFYZ666/hhCGKN5t9QFjbJQKUU/g8MNbFDbvfrgKXvI1QpZplPOnwIo99lX/AAmA==",
      "dev": true
    },
    "ansi-regex": {
      "version": "5.0.1",
      "resolved": "https://registry.npmjs.org/ansi-regex/-/ansi-regex-5.0.1.tgz",
      "integrity": "sha512-quJQXlTSUGL2LH9SUXo8VwsY4soanhgo6LNSm84E1LBcE8s3O0wpdiRzyR9z/ZZJMlMWv37qOOb9pdJlMUEKFQ==",
      "dev": true
    },
    "ansi-styles": {
      "version": "4.3.0",
      "resolved": "https://registry.npmjs.org/ansi-styles/-/ansi-styles-4.3.0.tgz",
      "integrity": "sha512-zbB9rCJAT1rbjiVDb2hqKFHNYLxgtk8NURxZ3IZwD3F6NtxbXZQCnnSi1Lkx+IDohdPlFp222wVALIheZJQSEg==",
      "dev": true,
      "requires": {
        "color-convert": "^2.0.1"
      }
    },
    "anymatch": {
      "version": "3.1.3",
      "resolved": "https://registry.npmjs.org/anymatch/-/anymatch-3.1.3.tgz",
      "integrity": "sha512-KMReFUr0B4t+D+OBkjR3KYqvocp2XaSzO55UcB6mgQMd3KbcE+mWTyvVV7D/zsdEbNnV6acZUutkiHQXvTr1Rw==",
      "dev": true,
      "requires": {
        "normalize-path": "^3.0.0",
        "picomatch": "^2.0.4"
      }
    },
    "argparse": {
      "version": "2.0.1",
      "resolved": "https://registry.npmjs.org/argparse/-/argparse-2.0.1.tgz",
      "integrity": "sha512-8+9WqebbFzpX9OR+Wa6O29asIogeRMzcGtAINdpMHHyAg10f05aSFVBbcEqGf/PXw1EjAZ+q2/bEBg3DvurK3Q==",
      "dev": true
    },
    "asn1": {
      "version": "0.1.11",
      "resolved": "https://registry.npmjs.org/asn1/-/asn1-0.1.11.tgz",
      "integrity": "sha512-Fh9zh3G2mZ8qM/kwsiKwL2U2FmXxVsboP4x1mXjnhKHv3SmzaBZoYvxEQJz/YS2gnCgd8xlAVWcZnQyC9qZBsA==",
      "optional": true
    },
    "assert-plus": {
      "version": "0.1.5",
      "resolved": "https://registry.npmjs.org/assert-plus/-/assert-plus-0.1.5.tgz",
      "integrity": "sha512-brU24g7ryhRwGCI2y+1dGQmQXiZF7TtIj583S96y0jjdajIe6wn8BuXyELYhvD22dtIxDQVFk04YTJwwdwOYJw==",
      "optional": true
    },
    "assertion-error": {
      "version": "1.1.0",
      "resolved": "https://registry.npmjs.org/assertion-error/-/assertion-error-1.1.0.tgz",
      "integrity": "sha512-jgsaNduz+ndvGyFt3uSuWqvy4lCnIJiovtouQN5JZHOKCS2QuhEdbcQHFhVksz2N2U9hXJo8odG7ETyWlEeuDw==",
      "dev": true
    },
    "async": {
      "version": "0.9.2",
      "resolved": "https://registry.npmjs.org/async/-/async-0.9.2.tgz",
      "integrity": "sha512-l6ToIJIotphWahxxHyzK9bnLR6kM4jJIIgLShZeqLY7iboHoGkdgFl7W2/Ivi4SkMJYGKqW8vSuk0uKUj6qsSw==",
      "optional": true
    },
    "aws-sign2": {
      "version": "0.5.0",
      "resolved": "https://registry.npmjs.org/aws-sign2/-/aws-sign2-0.5.0.tgz",
      "integrity": "sha512-oqUX0DM5j7aPWPCnpWebiyNIj2wiNI87ZxnOMoGv0aE4TGlBy2N+5iWc6dQ/NOKZaBD2W6PVz8jtOGkWzSC5EA==",
      "optional": true
    },
    "balanced-match": {
      "version": "1.0.2",
      "resolved": "https://registry.npmjs.org/balanced-match/-/balanced-match-1.0.2.tgz",
      "integrity": "sha512-3oSeUO0TMV67hN1AmbXsK4yaqU7tjiHlbxRDZOpH0KW9+CeX4bRAaX0Anxt0tx2MrpRpWwQaPwIlISEJhYU5Pw==",
      "dev": true
    },
    "binary-extensions": {
      "version": "2.2.0",
      "resolved": "https://registry.npmjs.org/binary-extensions/-/binary-extensions-2.2.0.tgz",
      "integrity": "sha512-jDctJ/IVQbZoJykoeHbhXpOlNBqGNcwXJKJog42E5HDPUwQTSdjCHdihjj0DlnheQ7blbT6dHOafNAiS8ooQKA==",
      "dev": true
    },
    "boom": {
      "version": "0.4.2",
      "resolved": "https://registry.npmjs.org/boom/-/boom-0.4.2.tgz",
      "integrity": "sha512-OvfN8y1oAxxphzkl2SnCS+ztV/uVKTATtgLjWYg/7KwcNyf3rzpHxNQJZCKtsZd4+MteKczhWbSjtEX4bGgU9g==",
      "optional": true,
      "requires": {
        "hoek": "0.9.x"
      }
    },
    "brace-expansion": {
      "version": "1.1.11",
      "resolved": "https://registry.npmjs.org/brace-expansion/-/brace-expansion-1.1.11.tgz",
      "integrity": "sha512-iCuPHDFgrHX7H2vEI/5xpz07zSHB00TpugqhmYtVmMO6518mCuRMoOYFldEBl0g187ufozdaHgWKcYFb61qGiA==",
      "dev": true,
      "requires": {
        "balanced-match": "^1.0.0",
        "concat-map": "0.0.1"
      }
    },
    "braces": {
      "version": "3.0.2",
      "resolved": "https://registry.npmjs.org/braces/-/braces-3.0.2.tgz",
      "integrity": "sha512-b8um+L1RzM3WDSzvhm6gIz1yfTbBt6YTlcEKAvsmqCZZFw46z626lVj9j1yEPW33H5H+lBQpZMP1k8l+78Ha0A==",
      "dev": true,
      "requires": {
        "fill-range": "^7.0.1"
      }
    },
    "browser-stdout": {
      "version": "1.3.1",
      "resolved": "https://registry.npmjs.org/browser-stdout/-/browser-stdout-1.3.1.tgz",
      "integrity": "sha512-qhAVI1+Av2X7qelOfAIYwXONood6XlZE/fXaBSmW/T5SzLAmCgzi+eiWE7fUvbHaeNBQH13UftjpXxsfLkMpgw==",
      "dev": true
    },
    "buffer-crc32": {
      "version": "0.2.1",
      "resolved": "https://registry.npmjs.org/buffer-crc32/-/buffer-crc32-0.2.1.tgz",
      "integrity": "sha512-vMfBIRp/wjlpueSz7Sb0OmO7C5SH58SSmbsT8G4D48YfO/Zgbr29xNXMpZVSC14ujVJfrZZH1Bl+kXYRQPuvfQ=="
    },
    "camelcase": {
      "version": "6.3.0",
      "resolved": "https://registry.npmjs.org/camelcase/-/camelcase-6.3.0.tgz",
      "integrity": "sha512-Gmy6FhYlCY7uOElZUSbxo2UCDH8owEk996gkbrpsgGtrJLM3J7jGxl9Ic7Qwwj4ivOE5AWZWRMecDdF7hqGjFA==",
      "dev": true
    },
    "chai": {
      "version": "4.3.7",
      "resolved": "https://registry.npmjs.org/chai/-/chai-4.3.7.tgz",
      "integrity": "sha512-HLnAzZ2iupm25PlN0xFreAlBA5zaBSv3og0DdeGA4Ar6h6rJ3A0rolRUKJhSF2V10GZKDgWF/VmAEsNWjCRB+A==",
      "dev": true,
      "requires": {
        "assertion-error": "^1.1.0",
        "check-error": "^1.0.2",
        "deep-eql": "^4.1.2",
        "get-func-name": "^2.0.0",
        "loupe": "^2.3.1",
        "pathval": "^1.1.1",
        "type-detect": "^4.0.5"
      }
    },
    "chalk": {
      "version": "4.1.2",
      "resolved": "https://registry.npmjs.org/chalk/-/chalk-4.1.2.tgz",
      "integrity": "sha512-oKnbhFyRIXpUuez8iBMmyEa4nbj4IOQyuhc/wy9kY7/WVPcwIO9VA668Pu8RkO7+0G76SLROeyw9CpQ061i4mA==",
      "dev": true,
      "requires": {
        "ansi-styles": "^4.1.0",
        "supports-color": "^7.1.0"
      },
      "dependencies": {
        "supports-color": {
          "version": "7.2.0",
          "resolved": "https://registry.npmjs.org/supports-color/-/supports-color-7.2.0.tgz",
          "integrity": "sha512-qpCAvRl9stuOHveKsn7HncJRvv501qIacKzQlO/+Lwxc9+0q2wLyv4Dfvt80/DPn2pqOBsJdDiogXGR9+OvwRw==",
          "dev": true,
          "requires": {
            "has-flag": "^4.0.0"
          }
        }
      }
    },
    "check-error": {
      "version": "1.0.2",
      "resolved": "https://registry.npmjs.org/check-error/-/check-error-1.0.2.tgz",
      "integrity": "sha512-BrgHpW9NURQgzoNyjfq0Wu6VFO6D7IZEmJNdtgNqpzGG8RuNFHt2jQxWlAs4HMe119chBnv+34syEZtc6IhLtA==",
      "dev": true
    },
    "chokidar": {
      "version": "3.5.3",
      "resolved": "https://registry.npmjs.org/chokidar/-/chokidar-3.5.3.tgz",
      "integrity": "sha512-Dr3sfKRP6oTcjf2JmUmFJfeVMvXBdegxB0iVQ5eb2V10uFJUCAS8OByZdVAyVb8xXNz3GjjTgj9kLWsZTqE6kw==",
      "dev": true,
      "requires": {
        "anymatch": "~3.1.2",
        "braces": "~3.0.2",
        "fsevents": "~2.3.2",
        "glob-parent": "~5.1.2",
        "is-binary-path": "~2.1.0",
        "is-glob": "~4.0.1",
        "normalize-path": "~3.0.0",
        "readdirp": "~3.6.0"
      }
    },
    "cliui": {
      "version": "7.0.4",
      "resolved": "https://registry.npmjs.org/cliui/-/cliui-7.0.4.tgz",
      "integrity": "sha512-OcRE68cOsVMXp1Yvonl/fzkQOyjLSu/8bhPDfQt0e0/Eb283TKP20Fs2MqoPsr9SwA595rRCA+QMzYc9nBP+JQ==",
      "dev": true,
      "requires": {
        "string-width": "^4.2.0",
        "strip-ansi": "^6.0.0",
        "wrap-ansi": "^7.0.0"
      }
    },
    "color-convert": {
      "version": "2.0.1",
      "resolved": "https://registry.npmjs.org/color-convert/-/color-convert-2.0.1.tgz",
      "integrity": "sha512-RRECPsj7iu/xb5oKYcsFHSppFNnsj/52OVTRKb4zP5onXwVF3zVmmToNcOfGC+CRDpfK/U584fMg38ZHCaElKQ==",
      "dev": true,
      "requires": {
        "color-name": "~1.1.4"
      }
    },
    "color-name": {
      "version": "1.1.4",
      "resolved": "https://registry.npmjs.org/color-name/-/color-name-1.1.4.tgz",
      "integrity": "sha512-dOy+3AuW3a2wNbZHIuMZpTcgjGuLU/uBL/ubcZF9OXbDo8ff4O8yVp5Bf0efS8uEoYo5q4Fx7dY9OgQGXgAsQA==",
      "dev": true
    },
    "combined-stream": {
      "version": "0.0.7",
      "resolved": "https://registry.npmjs.org/combined-stream/-/combined-stream-0.0.7.tgz",
      "integrity": "sha512-qfexlmLp9MyrkajQVyjEDb0Vj+KhRgR/rxLiVhaihlT+ZkX0lReqtH6Ack40CvMDERR4b5eFp3CreskpBs1Pig==",
      "optional": true,
      "requires": {
        "delayed-stream": "0.0.5"
      }
    },
    "concat-map": {
      "version": "0.0.1",
      "resolved": "https://registry.npmjs.org/concat-map/-/concat-map-0.0.1.tgz",
      "integrity": "sha512-/Srv4dswyQNBfohGpz9o6Yb3Gz3SrUDqBH5rTuhGR7ahtlbYKnVxw2bCFMRljaA7EXHaXZ8wsHdodFvbkhKmqg==",
      "dev": true
    },
    "cookie": {
      "version": "0.1.2",
      "resolved": "https://registry.npmjs.org/cookie/-/cookie-0.1.2.tgz",
      "integrity": "sha1-cv7D0k5Io0Mgc9kMEmQgBQYQBLE="
    },
    "cookie-parser": {
      "version": "1.3.2",
      "resolved": "https://registry.npmjs.org/cookie-parser/-/cookie-parser-1.3.2.tgz",
      "integrity": "sha1-UiEcyCyVXXn/DAiJVEB3JOGc9WI=",
      "requires": {
        "cookie": "0.1.2",
        "cookie-signature": "1.0.4"
      }
    },
    "cookie-signature": {
      "version": "1.0.4",
      "resolved": "https://registry.npmjs.org/cookie-signature/-/cookie-signature-1.0.4.tgz",
      "integrity": "sha1-Dt0iKG46ERuaKnDbNj6SXoZ/aso="
    },
    "cryptiles": {
      "version": "0.2.2",
      "resolved": "https://registry.npmjs.org/cryptiles/-/cryptiles-0.2.2.tgz",
      "integrity": "sha512-gvWSbgqP+569DdslUiCelxIv3IYK5Lgmq1UrRnk+s1WxQOQ16j3GPDcjdtgL5Au65DU/xQi6q3xPtf5Kta+3IQ==",
      "optional": true,
      "requires": {
        "boom": "0.4.x"
      }
    },
    "ctype": {
      "version": "0.5.3",
      "resolved": "https://registry.npmjs.org/ctype/-/ctype-0.5.3.tgz",
      "integrity": "sha512-T6CEkoSV4q50zW3TlTHMbzy1E5+zlnNcY+yb7tWVYlTwPhx9LpnfAkd4wecpWknDyptp4k97LUZeInlf6jdzBg==",
      "optional": true
    },
    "debug": {
      "version": "0.8.1",
      "resolved": "https://registry.npmjs.org/debug/-/debug-0.8.1.tgz",
      "integrity": "sha512-HlXEJm99YsRjLJ8xmuz0Lq8YUwrv7hAJkTEr6/Em3sUlSUNl0UdFA+1SrY4fnykeq1FVkUEUtwRGHs9VvlYbGA=="
    },
    "decamelize": {
      "version": "4.0.0",
      "resolved": "https://registry.npmjs.org/decamelize/-/decamelize-4.0.0.tgz",
      "integrity": "sha512-9iE1PgSik9HeIIw2JO94IidnE3eBoQrFJ3w7sFuzSX4DpmZ3v5sZpUiV5Swcf6mQEF+Y0ru8Neo+p+nyh2J+hQ==",
      "dev": true
    },
    "deep-eql": {
      "version": "4.1.3",
      "resolved": "https://registry.npmjs.org/deep-eql/-/deep-eql-4.1.3.tgz",
      "integrity": "sha512-WaEtAOpRA1MQ0eohqZjpGD8zdI0Ovsm8mmFhaDN8dvDZzyoUMcYDnf5Y6iu7HTXxf8JDS23qWa4a+hKCDyOPzw==",
      "dev": true,
      "requires": {
        "type-detect": "^4.0.0"
      }
    },
    "delayed-stream": {
      "version": "0.0.5",
      "resolved": "https://registry.npmjs.org/delayed-stream/-/delayed-stream-0.0.5.tgz",
      "integrity": "sha512-v+7uBd1pqe5YtgPacIIbZ8HuHeLFVNe4mUEyFDXL6KiqzEykjbw+5mXZXpGFgNVasdL4jWKgaKIXrEHiynN1LA==",
      "optional": true
    },
    "emoji-regex": {
      "version": "8.0.0",
      "resolved": "https://registry.npmjs.org/emoji-regex/-/emoji-regex-8.0.0.tgz",
      "integrity": "sha512-MSjYzcWNOA0ewAHpz0MxpYFvwg6yjy1NG3xteoqz644VCo/RPgnr1/GGt+ic3iJTzQ8Eu3TdM14SawnVUmGE6A==",
      "dev": true
    },
    "escalade": {
      "version": "3.1.1",
      "resolved": "https://registry.npmjs.org/escalade/-/escalade-3.1.1.tgz",
      "integrity": "sha512-k0er2gUkLf8O0zKJiAhmkTnJlTvINGv7ygDNPbeIsX/TJjGJZHuh9B2UxbsaEkmlEo9MfhrSzmhIlhRlI2GXnw==",
      "dev": true
    },
    "escape-html": {
      "version": "1.0.1",
      "resolved": "https://registry.npmjs.org/escape-html/-/escape-html-1.0.1.tgz",
      "integrity": "sha512-z6kAnok8fqVTra7Yu77dZF2Y6ETJlxH58wN38wNyuNQLm8xXdKnfNrlSmfXsTePWP03rRVUKHubtUwanwUi7+g=="
    },
    "escape-string-regexp": {
      "version": "4.0.0",
      "resolved": "https://registry.npmjs.org/escape-string-regexp/-/escape-string-regexp-4.0.0.tgz",
      "integrity": "sha512-TtpcNJ3XAzx3Gq8sWRzJaVajRs0uVxA2YAkdb1jm2YkPz4G6egUFAyA3n5vtEIZefPk5Wa4UXbKuS5fKkJWdgA==",
      "dev": true
    },
    "express": {
      "version": "4.0.0",
      "resolved": "https://registry.npmjs.org/express/-/express-4.0.0.tgz",
      "integrity": "sha512-HP2D9TkAYTAfau6FklzmchQQH/7Dh/JmbrbiJanV80rO12Kc00z5tDrqahBG3fR6x/RuUZvpEwiQ91b7UhJ8qQ==",
      "requires": {
        "accepts": "1.0.0",
        "buffer-crc32": "0.2.1",
        "cookie": "0.1.0",
        "cookie-signature": "1.0.3",
        "debug": ">= 0.7.3 < 1",
        "escape-html": "1.0.1",
        "fresh": "0.2.2",
        "merge-descriptors": "0.0.2",
        "methods": "0.1.0",
        "parseurl": "1.0.1",
        "path-to-regexp": "0.1.2",
        "qs": "0.6.6",
        "range-parser": "1.0.0",
        "send": "0.2.0",
        "serve-static": "1.0.1",
        "type-is": "1.0.0",
        "utils-merge": "1.0.0"
      },
      "dependencies": {
        "cookie": {
          "version": "0.1.0",
          "resolved": "https://registry.npmjs.org/cookie/-/cookie-0.1.0.tgz",
          "integrity": "sha512-YSNOBX085/nzHvrTLEHYHoNdkvpLU1MPjU3r1IGawudZJjfuqnRNIFrcOJJ7bfwC+HWbHL1Y4yMkC0O+HWjV7w=="
        },
        "cookie-signature": {
          "version": "1.0.3",
          "resolved": "https://registry.npmjs.org/cookie-signature/-/cookie-signature-1.0.3.tgz",
          "integrity": "sha512-/KzKzsm0OlguYov01OlOpTkX5MhBKUmfL/KMum7R80rPKheb9AwUzr78TwtBt1OdbnWrt4X+wxbTfcQ3noZqHw=="
        }
      }
    },
    "fill-range": {
      "version": "7.0.1",
      "resolved": "https://registry.npmjs.org/fill-range/-/fill-range-7.0.1.tgz",
      "integrity": "sha512-qOo9F+dMUmC2Lcb4BbVvnKJxTPjCm+RRpe4gDuGrzkL7mEVl/djYSu2OdQ2Pa302N4oqkSg9ir6jaLWJ2USVpQ==",
      "dev": true,
      "requires": {
        "to-regex-range": "^5.0.1"
      }
    },
    "find-up": {
      "version": "5.0.0",
      "resolved": "https://registry.npmjs.org/find-up/-/find-up-5.0.0.tgz",
      "integrity": "sha512-78/PXT1wlLLDgTzDs7sjq9hzz0vXD+zn+7wypEe4fXQxCmdmqfGsEPQxmiCSQI3ajFV91bVSsvNtrJRiW6nGng==",
      "dev": true,
      "requires": {
        "locate-path": "^6.0.0",
        "path-exists": "^4.0.0"
      }
    },
    "flat": {
      "version": "5.0.2",
      "resolved": "https://registry.npmjs.org/flat/-/flat-5.0.2.tgz",
      "integrity": "sha512-b6suED+5/3rTpUBdG1gupIl8MPFCAMA0QXwmljLhvCUKcUvdE4gWky9zpuGCcXHOsz4J9wPGNWq6OKpmIzz3hQ==",
      "dev": true
    },
    "forever-agent": {
      "version": "0.5.2",
      "resolved": "https://registry.npmjs.org/forever-agent/-/forever-agent-0.5.2.tgz",
      "integrity": "sha512-PDG5Ef0Dob/JsZUxUltJOhm/Y9mlteAE+46y3M9RBz/Rd3QVENJ75aGRhN56yekTUboaBIkd8KVWX2NjF6+91A=="
    },
    "form-data": {
      "version": "0.1.4",
      "resolved": "https://registry.npmjs.org/form-data/-/form-data-0.1.4.tgz",
      "integrity": "sha512-x8eE+nzFtAMA0YYlSxf/Qhq6vP1f8wSoZ7Aw1GuctBcmudCNuTUmmx45TfEplyb6cjsZO/jvh6+1VpZn24ez+w==",
      "optional": true,
      "requires": {
        "async": "~0.9.0",
        "combined-stream": "~0.0.4",
        "mime": "~1.2.11"
      }
    },
    "fresh": {
      "version": "0.2.2",
      "resolved": "https://registry.npmjs.org/fresh/-/fresh-0.2.2.tgz",
      "integrity": "sha512-ZGGi8GROK//ijm2gB33sUuN9TjN1tC/dvG4Bt4j6IWrVGpMmudUBCxx+Ir7qePsdREfkpQC4FL8W0jeSOsgv1w=="
    },
    "fs.realpath": {
      "version": "1.0.0",
      "resolved": "https://registry.npmjs.org/fs.realpath/-/fs.realpath-1.0.0.tgz",
      "integrity": "sha512-OO0pH2lK6a0hZnAdau5ItzHPI6pUlvI7jMVnxUQRtw4owF2wk8lOSabtGDCTP4Ggrg2MbGnWO9X8K1t4+fGMDw==",
      "dev": true
    },
    "fsevents": {
      "version": "2.3.2",
      "resolved": "https://registry.npmjs.org/fsevents/-/fsevents-2.3.2.tgz",
      "integrity": "sha512-xiqMQR4xAeHTuB9uWm+fFRcIOgKBMiOBP+eXiyT7jsgVCq1bkVygt00oASowB7EdtpOHaaPgKt812P9ab+DDKA==",
      "dev": true,
      "optional": true
    },
    "get-caller-file": {
      "version": "2.0.5",
      "resolved": "https://registry.npmjs.org/get-caller-file/-/get-caller-file-2.0.5.tgz",
      "integrity": "sha512-DyFP3BM/3YHTQOCUL/w0OZHR0lpKeGrxotcHWcqNEdnltqFwXVfhEBQ94eIo34AfQpo0rGki4cyIiftY06h2Fg==",
      "dev": true
    },
    "get-func-name": {
      "version": "2.0.0",
      "resolved": "https://registry.npmjs.org/get-func-name/-/get-func-name-2.0.0.tgz",
      "integrity": "sha512-Hm0ixYtaSZ/V7C8FJrtZIuBBI+iSgL+1Aq82zSu8VQNB4S3Gk8e7Qs3VwBDJAhmRZcFqkl3tQu36g/Foh5I5ig==",
      "dev": true
    },
    "glob": {
      "version": "7.2.0",
      "resolved": "https://registry.npmjs.org/glob/-/glob-7.2.0.tgz",
      "integrity": "sha512-lmLf6gtyrPq8tTjSmrO94wBeQbFR3HbLHbuyD69wuyQkImp2hWqMGB47OX65FBkPffO641IP9jWa1z4ivqG26Q==",
      "dev": true,
      "requires": {
        "fs.realpath": "^1.0.0",
        "inflight": "^1.0.4",
        "inherits": "2",
        "minimatch": "^3.0.4",
        "once": "^1.3.0",
        "path-is-absolute": "^1.0.0"
      },
      "dependencies": {
        "minimatch": {
          "version": "3.1.2",
          "resolved": "https://registry.npmjs.org/minimatch/-/minimatch-3.1.2.tgz",
          "integrity": "sha512-J7p63hRiAjw1NDEww1W7i37+ByIrOWO5XQQAzZ3VOcL0PNybwpfmV/N05zFAzwQ9USyEcX6t3UO+K5aqBQOIHw==",
          "dev": true,
          "requires": {
            "brace-expansion": "^1.1.7"
          }
        }
      }
    },
    "glob-parent": {
      "version": "5.1.2",
      "resolved": "https://registry.npmjs.org/glob-parent/-/glob-parent-5.1.2.tgz",
      "integrity": "sha512-AOIgSQCepiJYwP3ARnGx+5VnTu2HBYdzbGP45eLw1vr3zB3vZLeyed1sC9hnbcOc9/SrMyM5RPQrkGz4aS9Zow==",
      "dev": true,
      "requires": {
        "is-glob": "^4.0.1"
      }
    },
    "has-flag": {
      "version": "4.0.0",
      "resolved": "https://registry.npmjs.org/has-flag/-/has-flag-4.0.0.tgz",
      "integrity": "sha512-EykJT/Q1KjTWctppgIAgfSO0tKVuZUjhgMr17kqTumMl6Afv3EISleU7qZUzoXDFTAHTDC4NOoG/ZxU3EvlMPQ==",
      "dev": true
    },
    "hawk": {
      "version": "1.0.0",
      "resolved": "https://registry.npmjs.org/hawk/-/hawk-1.0.0.tgz",
      "integrity": "sha512-Sg+VzrI7TjUomO0rjD6UXawsj50ykn5sB/xKNW/IenxzRVyw/wt9A2FLzYpGL/r0QG5hyXY8nLx/2m8UutoDcg==",
      "optional": true,
      "requires": {
        "boom": "0.4.x",
        "cryptiles": "0.2.x",
        "hoek": "0.9.x",
        "sntp": "0.2.x"
      }
    },
    "he": {
      "version": "1.2.0",
      "resolved": "https://registry.npmjs.org/he/-/he-1.2.0.tgz",
      "integrity": "sha512-F/1DnUGPopORZi0ni+CvrCgHQ5FyEAHRLSApuYWMmrbSwoN2Mn/7k+Gl38gJnR7yyDZk6WLXwiGod1JOWNDKGw==",
      "dev": true
    },
    "hoek": {
      "version": "0.9.1",
      "resolved": "https://registry.npmjs.org/hoek/-/hoek-0.9.1.tgz",
      "integrity": "sha512-ZZ6eGyzGjyMTmpSPYVECXy9uNfqBR7x5CavhUaLOeD6W0vWK1mp/b7O3f86XE0Mtfo9rZ6Bh3fnuw9Xr8MF9zA==",
      "optional": true
    },
    "http-signature": {
      "version": "0.10.1",
      "resolved": "https://registry.npmjs.org/http-signature/-/http-signature-0.10.1.tgz",
      "integrity": "sha512-coK8uR5rq2IMj+Hen+sKPA5ldgbCc1/spPdKCL1Fw6h+D0s/2LzMcRK0Cqufs1h0ryx/niwBHGFu8HC3hwU+lA==",
      "optional": true,
      "requires": {
        "asn1": "0.1.11",
        "assert-plus": "^0.1.5",
        "ctype": "0.5.3"
      }
    },
    "inflight": {
      "version": "1.0.6",
      "resolved": "https://registry.npmjs.org/inflight/-/inflight-1.0.6.tgz",
      "integrity": "sha512-k92I/b08q4wvFscXCLvqfsHCrjrF7yiXsQuIVvVE7N82W3+aqpzuUdBbfhWcy/FZR3/4IgflMgKLOsvPDrGCJA==",
      "dev": true,
      "requires": {
        "once": "^1.3.0",
        "wrappy": "1"
      }
    },
    "inherits": {
      "version": "2.0.4",
      "resolved": "https://registry.npmjs.org/inherits/-/inherits-2.0.4.tgz",
      "integrity": "sha512-k/vGaX4/Yla3WzyMCvTQOXYeIHvqOKtnqBduzTHpzpQZzAskKMhZ2K+EnBiSM9zGSoIFeMpXKxa4dYeZIQqewQ==",
      "dev": true
    },
    "is-binary-path": {
      "version": "2.1.0",
      "resolved": "https://registry.npmjs.org/is-binary-path/-/is-binary-path-2.1.0.tgz",
      "integrity": "sha512-ZMERYes6pDydyuGidse7OsHxtbI7WVeUEozgR/g7rd0xUimYNlvZRE/K2MgZTjWy725IfelLeVcEM97mmtRGXw==",
      "dev": true,
      "requires": {
        "binary-extensions": "^2.0.0"
      }
    },
    "is-extglob": {
      "version": "2.1.1",
      "resolved": "https://registry.npmjs.org/is-extglob/-/is-extglob-2.1.1.tgz",
      "integrity": "sha512-SbKbANkN603Vi4jEZv49LeVJMn4yGwsbzZworEoyEiutsN3nJYdbO36zfhGJ6QEDpOZIFkDtnq5JRxmvl3jsoQ==",
      "dev": true
    },
    "is-fullwidth-code-point": {
      "version": "3.0.0",
      "resolved": "https://registry.npmjs.org/is-fullwidth-code-point/-/is-fullwidth-code-point-3.0.0.tgz",
      "integrity": "sha512-zymm5+u+sCsSWyD9qNaejV3DFvhCKclKdizYaJUuHA83RLjb7nSuGnddCHGv0hk+KY7BMAlsWeK4Ueg6EV6XQg==",
      "dev": true
    },
    "is-glob": {
      "version": "4.0.3",
      "resolved": "https://registry.npmjs.org/is-glob/-/is-glob-4.0.3.tgz",
      "integrity": "sha512-xelSayHH36ZgE7ZWhli7pW34hNbNl8Ojv5KVmkJD4hBdD3th8Tfk9vYasLM+mXWOZhFkgZfxhLSnrwRr4elSSg==",
      "dev": true,
      "requires": {
        "is-extglob": "^2.1.1"
      }
    },
    "is-number": {
      "version": "7.0.0",
      "resolved": "https://registry.npmjs.org/is-number/-/is-number-7.0.0.tgz",
      "integrity": "sha512-41Cifkg6e8TylSpdtTpeLVMqvSBEVzTttHvERD741+pnZ8ANv0004MRL43QKPDlK9cGvNp6NZWZUBlbGXYxxng==",
      "dev": true
    },
    "is-plain-obj": {
      "version": "2.1.0",
      "resolved": "https://registry.npmjs.org/is-plain-obj/-/is-plain-obj-2.1.0.tgz",
      "integrity": "sha512-YWnfyRwxL/+SsrWYfOpUtz5b3YD+nyfkHvjbcanzk8zgyO4ASD67uVMRt8k5bM4lLMDnXfriRhOpemw+NfT1eA==",
      "dev": true
    },
    "is-unicode-supported": {
      "version": "0.1.0",
      "resolved": "https://registry.npmjs.org/is-unicode-supported/-/is-unicode-supported-0.1.0.tgz",
      "integrity": "sha512-knxG2q4UC3u8stRGyAVJCOdxFmv5DZiRcdlIaAQXAbSfJya+OhopNotLQrstBhququ4ZpuKbDc/8S6mgXgPFPw==",
      "dev": true
    },
    "js-yaml": {
      "version": "4.1.0",
      "resolved": "https://registry.npmjs.org/js-yaml/-/js-yaml-4.1.0.tgz",
      "integrity": "sha512-wpxZs9NoxZaJESJGIZTyDEaYpl0FKSA+FB9aJiyemKhMwkxQg63h4T1KJgUGHpTqPDNRcmmYLugrRjJlBtWvRA==",
      "dev": true,
      "requires": {
        "argparse": "^2.0.1"
      }
    },
    "json-stringify-safe": {
      "version": "5.0.1",
      "resolved": "https://registry.npmjs.org/json-stringify-safe/-/json-stringify-safe-5.0.1.tgz",
      "integrity": "sha512-ZClg6AaYvamvYEE82d3Iyd3vSSIjQ+odgjaTzRuO3s7toCdFKczob2i0zCh7JE8kWn17yvAWhUVxvqGwUalsRA=="
    },
    "locate-path": {
      "version": "6.0.0",
      "resolved": "https://registry.npmjs.org/locate-path/-/locate-path-6.0.0.tgz",
      "integrity": "sha512-iPZK6eYjbxRu3uB4/WZ3EsEIMJFMqAoopl3R+zuq0UjcAm/MO6KCweDgPfP3elTztoKP3KtnVHxTn2NHBSDVUw==",
      "dev": true,
      "requires": {
        "p-locate": "^5.0.0"
      }
    },
    "log-symbols": {
      "version": "4.1.0",
      "resolved": "https://registry.npmjs.org/log-symbols/-/log-symbols-4.1.0.tgz",
      "integrity": "sha512-8XPvpAA8uyhfteu8pIvQxpJZ7SYYdpUivZpGy6sFsBuKRY/7rQGavedeB8aK+Zkyq6upMFVL/9AW6vOYzfRyLg==",
      "dev": true,
      "requires": {
        "chalk": "^4.1.0",
        "is-unicode-supported": "^0.1.0"
      }
    },
    "loupe": {
      "version": "2.3.6",
      "resolved": "https://registry.npmjs.org/loupe/-/loupe-2.3.6.tgz",
      "integrity": "sha512-RaPMZKiMy8/JruncMU5Bt6na1eftNoo++R4Y+N2FrxkDVTrGvcyzFTsaGif4QTeKESheMGegbhw6iUAq+5A8zA==",
      "dev": true,
      "requires": {
        "get-func-name": "^2.0.0"
      }
    },
    "merge-descriptors": {
      "version": "0.0.2",
      "resolved": "https://registry.npmjs.org/merge-descriptors/-/merge-descriptors-0.0.2.tgz",
      "integrity": "sha512-dYBT4Ep+t/qnPeJcnMymmhTdd4g8/hn48ciaDqLAkfRf8abzLPS6Rb6EBdz5CZCL8tzZuI5ps9MhGQGxk+EuKg=="
    },
    "methods": {
      "version": "0.1.0",
      "resolved": "https://registry.npmjs.org/methods/-/methods-0.1.0.tgz",
      "integrity": "sha512-N4cn4CbDqu7Fp3AT4z3AsO19calgczhsmCGzXLCiUOrWg9sjb1B+yKFKOrnnPGKKvjyJBmw+k6b3adFN2LbuBw=="
    },
    "mime": {
      "version": "1.2.11",
      "resolved": "https://registry.npmjs.org/mime/-/mime-1.2.11.tgz",
      "integrity": "sha512-Ysa2F/nqTNGHhhm9MV8ure4+Hc+Y8AWiqUdHxsO7xu8zc92ND9f3kpALHjaP026Ft17UfxrMt95c50PLUeynBw=="
    },
    "minimatch": {
      "version": "5.0.1",
      "resolved": "https://registry.npmjs.org/minimatch/-/minimatch-5.0.1.tgz",
      "integrity": "sha512-nLDxIFRyhDblz3qMuq+SoRZED4+miJ/G+tdDrjkkkRnjAsBexeGpgjLEQ0blJy7rHhR2b93rhQY4SvyWu9v03g==",
      "dev": true,
      "requires": {
        "brace-expansion": "^2.0.1"
      },
      "dependencies": {
        "brace-expansion": {
          "version": "2.0.1",
          "resolved": "https://registry.npmjs.org/brace-expansion/-/brace-expansion-2.0.1.tgz",
          "integrity": "sha512-XnAIvQ8eM+kC6aULx6wuQiwVsnzsi9d3WxzV3FpWTGA19F621kwdbsAcFKXgKUHZWsy+mY6iL1sHTxWEFCytDA==",
          "dev": true,
          "requires": {
            "balanced-match": "^1.0.0"
          }
        }
      }
    },
    "mocha": {
      "version": "10.2.0",
      "resolved": "https://registry.npmjs.org/mocha/-/mocha-10.2.0.tgz",
      "integrity": "sha512-IDY7fl/BecMwFHzoqF2sg/SHHANeBoMMXFlS9r0OXKDssYE1M5O43wUY/9BVPeIvfH2zmEbBfseqN9gBQZzXkg==",
      "dev": true,
      "requires": {
        "ansi-colors": "4.1.1",
        "browser-stdout": "1.3.1",
        "chokidar": "3.5.3",
        "debug": "4.3.4",
        "diff": "5.0.0",
        "escape-string-regexp": "4.0.0",
        "find-up": "5.0.0",
        "glob": "7.2.0",
        "he": "1.2.0",
        "js-yaml": "4.1.0",
        "log-symbols": "4.1.0",
        "minimatch": "5.0.1",
        "ms": "2.1.3",
        "nanoid": "3.3.3",
        "serialize-javascript": "6.0.0",
        "strip-json-comments": "3.1.1",
        "supports-color": "8.1.1",
        "workerpool": "6.2.1",
        "yargs": "16.2.0",
        "yargs-parser": "20.2.4",
        "yargs-unparser": "2.0.0"
      },
      "dependencies": {
        "debug": {
          "version": "4.3.4",
          "resolved": "https://registry.npmjs.org/debug/-/debug-4.3.4.tgz",
          "integrity": "sha512-PRWFHuSU3eDtQJPvnNY7Jcket1j0t5OuOsFzPPzsekD52Zl8qUfFIPEiswXqIvHWGVHOgX+7G/vCNNhehwxfkQ==",
          "dev": true,
          "requires": {
            "ms": "2.1.2"
          },
          "dependencies": {
            "ms": {
              "version": "2.1.2",
              "resolved": "https://registry.npmjs.org/ms/-/ms-2.1.2.tgz",
              "integrity": "sha512-sGkPx+VjMtmA6MX27oA4FBFELFCZZ4S4XqeGOXCv68tT+jb3vk/RyaKWP0PTKyWtmLSM0b+adUTEvbs1PEaH2w==",
              "dev": true
            }
          }
        },
        "diff": {
          "version": "5.0.0",
          "resolved": "https://registry.npmjs.org/diff/-/diff-5.0.0.tgz",
          "integrity": "sha512-/VTCrvm5Z0JGty/BWHljh+BAiw3IK+2j87NGMu8Nwc/f48WoDAC395uomO9ZD117ZOBaHmkX1oyLvkVM/aIT3w==",
          "dev": true
        }
      }
    },
    "ms": {
      "version": "2.1.3",
      "resolved": "https://registry.npmjs.org/ms/-/ms-2.1.3.tgz",
      "integrity": "sha512-6FlzubTLZG3J2a/NVCAleEhjzq5oxgHyaCU9yYXvcLsvoVaHJq/s5xXI6/XXP6tz7R9xAOtHnSO/tXtF3WRTlA==",
      "dev": true
    },
    "nanoid": {
      "version": "3.3.3",
      "resolved": "https://registry.npmjs.org/nanoid/-/nanoid-3.3.3.tgz",
      "integrity": "sha512-p1sjXuopFs0xg+fPASzQ28agW1oHD7xDsd9Xkf3T15H3c/cifrFHVwrh74PdoklAPi+i7MdRsE47vm2r6JoB+w==",
      "dev": true
    },
    "negotiator": {
      "version": "0.3.0",
      "resolved": "https://registry.npmjs.org/negotiator/-/negotiator-0.3.0.tgz",
      "integrity": "sha512-q9wF64uB31BDZQ44DWf+8gE7y8xSpBdREAsJfnBO2WX9ecsutfUO6S9uWEdixlDLOlWaqnlnFXXwZxUUmyLfgg=="
    },
    "node-uuid": {
      "version": "1.4.8",
      "resolved": "https://registry.npmjs.org/node-uuid/-/node-uuid-1.4.8.tgz",
      "integrity": "sha512-TkCET/3rr9mUuRp+CpO7qfgT++aAxfDRaalQhwPFzI9BY/2rCDn6OfpZOVggi1AXfTPpfkTrg5f5WQx5G1uLxA=="
    },
    "normalize-path": {
      "version": "3.0.0",
      "resolved": "https://registry.npmjs.org/normalize-path/-/normalize-path-3.0.0.tgz",
      "integrity": "sha512-6eZs5Ls3WtCisHWp9S2GUy8dqkpGi4BVSz3GaqiE6ezub0512ESztXUwUB6C6IKbQkY2Pnb/mD4WYojCRwcwLA==",
      "dev": true
    },
    "oauth-sign": {
      "version": "0.3.0",
      "resolved": "https://registry.npmjs.org/oauth-sign/-/oauth-sign-0.3.0.tgz",
      "integrity": "sha512-Tr31Sh5FnK9YKm7xTUPyDMsNOvMqkVDND0zvK/Wgj7/H9q8mpye0qG2nVzrnsvLhcsX5DtqXD0la0ks6rkPCGQ==",
      "optional": true
    },
    "once": {
      "version": "1.4.0",
      "resolved": "https://registry.npmjs.org/once/-/once-1.4.0.tgz",
      "integrity": "sha512-lNaJgI+2Q5URQBkccEKHTQOPaXdUxnZZElQTZY0MFUAuaEqe1E+Nyvgdz/aIyNi6Z9MzO5dv1H8n58/GELp3+w==",
      "dev": true,
      "requires": {
        "wrappy": "1"
      }
    },
    "p-limit": {
      "version": "3.1.0",
      "resolved": "https://registry.npmjs.org/p-limit/-/p-limit-3.1.0.tgz",
      "integrity": "sha512-TYOanM3wGwNGsZN2cVTYPArw454xnXj5qmWF1bEoAc4+cU/ol7GVh7odevjp1FNHduHc3KZMcFduxU5Xc6uJRQ==",
      "dev": true,
      "requires": {
        "yocto-queue": "^0.1.0"
      }
    },
    "p-locate": {
      "version": "5.0.0",
      "resolved": "https://registry.npmjs.org/p-locate/-/p-locate-5.0.0.tgz",
      "integrity": "sha512-LaNjtRWUBY++zB5nE/NwcaoMylSPk+S+ZHNB1TzdbMJMny6dynpAGt7X/tl/QYq3TIeE6nxHppbo2LGymrG5Pw==",
      "dev": true,
      "requires": {
        "p-limit": "^3.0.2"
      }
    },
    "parseurl": {
      "version": "1.0.1",
      "resolved": "https://registry.npmjs.org/parseurl/-/parseurl-1.0.1.tgz",
      "integrity": "sha512-6W9+0+9Ihayqwjgp4OaLLqZ3KDtqPY2PtUPz8YNiy4PamjJv+7x6J9GO93O9rUZOLgaanTPxsKTasxqKkO1iSw=="
    },
    "path-exists": {
      "version": "4.0.0",
      "resolved": "https://registry.npmjs.org/path-exists/-/path-exists-4.0.0.tgz",
      "integrity": "sha512-ak9Qy5Q7jYb2Wwcey5Fpvg2KoAc/ZIhLSLOSBmRmygPsGwkVVt0fZa0qrtMz+m6tJTAHfZQ8FnmB4MG4LWy7/w==",
      "dev": true
    },
    "path-is-absolute": {
      "version": "1.0.1",
      "resolved": "https://registry.npmjs.org/path-is-absolute/-/path-is-absolute-1.0.1.tgz",
      "integrity": "sha512-AVbw3UJ2e9bq64vSaS9Am0fje1Pa8pbGqTTsmXfaIiMpnr5DlDhfJOuLj9Sf95ZPVDAUerDfEk88MPmPe7UCQg==",
      "dev": true
    },
    "path-to-regexp": {
      "version": "0.1.2",
      "resolved": "https://registry.npmjs.org/path-to-regexp/-/path-to-regexp-0.1.2.tgz",
      "integrity": "sha512-BZU7Qr+qKkXJX9UBypMNikdZ85cQSjtfMhUykJFLJn4SNF0jhEbb9nMRpnNdA76ESryY8JpMA4k6XKdz3JS1pw=="
    },
    "pathval": {
      "version": "1.1.1",
      "resolved": "https://registry.npmjs.org/pathval/-/pathval-1.1.1.tgz",
      "integrity": "sha512-Dp6zGqpTdETdR63lehJYPeIOqpiNBNtc7BpWSLrOje7UaIsE5aY92r/AunQA7rsXvet3lrJ3JnZX29UPTKXyKQ==",
      "dev": true
    },
    "picomatch": {
      "version": "2.3.1",
      "resolved": "https://registry.npmjs.org/picomatch/-/picomatch-2.3.1.tgz",
      "integrity": "sha512-JU3teHTNjmE2VCGFzuY8EXzCDVwEqB2a8fsIvwaStHhAWJEeVd1o1QD80CU6+ZdEXXSLbSsuLwJjkCBWqRQUVA==",
      "dev": true
    },
    "psl": {
      "version": "1.9.0",
      "resolved": "https://registry.npmjs.org/psl/-/psl-1.9.0.tgz",
      "integrity": "sha512-E/ZsdU4HLs/68gYzgGTkMicWTLPdAftJLfJFlLUAAKZGkStNU72sZjT66SnMDVOfOWY/YAoiD7Jxa9iHvngcag==",
      "optional": true
    },
    "punycode": {
      "version": "2.3.0",
      "resolved": "https://registry.npmjs.org/punycode/-/punycode-2.3.0.tgz",
      "integrity": "sha512-rRV+zQD8tVFys26lAGR9WUuS4iUAngJScM+ZRSKtvl5tKeZ2t5bvdNFdNHBW9FWR4guGHlgmsZ1G7BSm2wTbuA==",
      "optional": true
    },
    "qs": {
      "version": "0.6.6",
      "resolved": "https://registry.npmjs.org/qs/-/qs-0.6.6.tgz",
      "integrity": "sha512-kN+yNdAf29Jgp+AYHUmC7X4QdJPR8czuMWLNLc0aRxkQ7tB3vJQEONKKT9ou/rW7EbqVec11srC9q9BiVbcnHA=="
    },
    "querystring": {
      "version": "0.2.0",
      "resolved": "https://registry.npmjs.org/querystring/-/querystring-0.2.0.tgz",
      "integrity": "sha1-sgmEkgO7Jd+CDadW50cAWHhSFiA="
    },
    "querystringify": {
      "version": "2.2.0",
      "resolved": "https://registry.npmjs.org/querystringify/-/querystringify-2.2.0.tgz",
      "integrity": "sha512-FIqgj2EUvTa7R50u0rGsyTftzjYmv/a3hO345bZNrqabNqjtgiDMgmo4mkUjd+nzU5oF3dClKqFIPUKybUyqoQ==",
      "optional": true
    },
    "randombytes": {
      "version": "2.1.0",
      "resolved": "https://registry.npmjs.org/randombytes/-/randombytes-2.1.0.tgz",
      "integrity": "sha512-vYl3iOX+4CKUWuxGi9Ukhie6fsqXqS9FE2Zaic4tNFD2N2QQaXOMFbuKK4QmDHC0JO6B1Zp41J0LpT0oR68amQ==",
      "dev": true,
      "requires": {
        "safe-buffer": "^5.1.0"
      }
    },
    "range-parser": {
      "version": "1.0.0",
      "resolved": "https://registry.npmjs.org/range-parser/-/range-parser-1.0.0.tgz",
      "integrity": "sha512-wOH5LIH2ZHo0P7/bwkR+aNbJ+kv3CHVX4B8qs9GqbtY29fi1bGPV5xczrutN20G+Z4XhRqRMTW3q0S4iyJJPfw=="
    },
    "readdirp": {
      "version": "3.6.0",
      "resolved": "https://registry.npmjs.org/readdirp/-/readdirp-3.6.0.tgz",
      "integrity": "sha512-hOS089on8RduqdbhvQ5Z37A0ESjsqz6qnRcffsMU3495FuTdqSm+7bhJ29JvIOsBDEEnan5DPu9t3To9VRlMzA==",
      "dev": true,
      "requires": {
        "picomatch": "^2.2.1"
      }
    },
    "request": {
      "version": "2.34.0",
      "resolved": "https://registry.npmjs.org/request/-/request-2.34.0.tgz",
      "integrity": "sha512-mD5mNhfkeaKMg5ZY/hZFbW4lyC/NTn34/ILGQr/XLSuxYOE6vJfL0MTPPXZcZrdt+Nh1Kce+f4B4KbGThIETxQ==",
      "requires": {
        "aws-sign2": "~0.5.0",
        "forever-agent": "~0.5.0",
        "form-data": "~0.1.0",
        "hawk": "~1.0.0",
        "http-signature": "~0.10.0",
        "json-stringify-safe": "~5.0.0",
        "mime": "~1.2.9",
        "node-uuid": "~1.4.0",
        "oauth-sign": "~0.3.0",
        "qs": "~0.6.0",
        "tough-cookie": ">=0.12.0",
        "tunnel-agent": "~0.3.0"
      }
    },
    "require-directory": {
      "version": "2.1.1",
      "resolved": "https://registry.npmjs.org/require-directory/-/require-directory-2.1.1.tgz",
      "integrity": "sha512-fGxEI7+wsG9xrvdjsrlmL22OMTTiHRwAMroiEeMgq8gzoLC/PQr7RsRDSTLUg/bZAZtF+TVIkHc6/4RIKrui+Q==",
      "dev": true
    },
    "requires-port": {
      "version": "1.0.0",
      "resolved": "https://registry.npmjs.org/requires-port/-/requires-port-1.0.0.tgz",
      "integrity": "sha512-KigOCHcocU3XODJxsu8i/j8T9tzT4adHiecwORRQ0ZZFcp7ahwXuRU1m+yuO90C5ZUyGeGfocHDI14M3L3yDAQ==",
      "optional": true
    },
    "safe-buffer": {
      "version": "5.2.1",
      "resolved": "https://registry.npmjs.org/safe-buffer/-/safe-buffer-5.2.1.tgz",
      "integrity": "sha512-rp3So07KcdmmKbGvgaNxQSJr7bGVSVk5S9Eq1F+ppbRo70+YeaDxkw5Dd8NPN+GD6bjnYm2VuPuCXmpuYvmCXQ==",
      "dev": true
    },
    "send": {
      "version": "0.2.0",
      "resolved": "https://registry.npmjs.org/send/-/send-0.2.0.tgz",
      "integrity": "sha512-CR/kej5a8BChsMJwpmAtqOgdGI3nemoRaPcoXj/choHibvaOfkYcohcAbd9aEG8MhL9CfRH3KlUb+oHZsdNmTg==",
      "requires": {
        "debug": "*",
        "fresh": "~0.2.1",
        "mime": "~1.2.9",
        "range-parser": "~1.0.0"
      }
    },
    "serialize-javascript": {
      "version": "6.0.0",
      "resolved": "https://registry.npmjs.org/serialize-javascript/-/serialize-javascript-6.0.0.tgz",
      "integrity": "sha512-Qr3TosvguFt8ePWqsvRfrKyQXIiW+nGbYpy8XK24NQHE83caxWt+mIymTT19DGFbNWNLfEwsrkSmN64lVWB9ag==",
      "dev": true,
      "requires": {
        "randombytes": "^2.1.0"
      }
    },
    "serve-static": {
      "version": "1.0.1",
      "resolved": "https://registry.npmjs.org/serve-static/-/serve-static-1.0.1.tgz",
      "integrity": "sha512-bo0TWkZYykHO97QfRgoaXQQBBmyheAb3MeYFzufTXDHUdaTwJXFa8NejuKbt7UdovoUzB8lJn4gHGQSEC+R4Nw==",
      "requires": {
        "send": "0.1.4"
      },
      "dependencies": {
        "fresh": {
          "version": "0.2.0",
          "resolved": "https://registry.npmjs.org/fresh/-/fresh-0.2.0.tgz",
          "integrity": "sha512-ckGdAuSRr1wBmnq7CsW7eU37DBwQxHx3vW8foJUIrF56rkOy8Osm6Fe8KSwemwyKejivKki7jVBgpBpBJexmrw=="
        },
        "range-parser": {
          "version": "0.0.4",
          "resolved": "https://registry.npmjs.org/range-parser/-/range-parser-0.0.4.tgz",
          "integrity": "sha512-okJVEq9DbZyg+5lD8pr6ooQmeA0uu8DYIyAU7VK1WUUK7hctI1yw2ZHhKiKjB6RXaDrYRmTR4SsIHkyiQpaLMA=="
        },
        "send": {
          "version": "0.1.4",
          "resolved": "https://registry.npmjs.org/send/-/send-0.1.4.tgz",
          "integrity": "sha512-NJnIaB29/EcNqkNneUAm16oEVnzM2LeNBc/hmgKuExv2k9pCZQEw8SHJeCdjqesHJTyWAr7x5HjeOmRFS4BoFw==",
          "requires": {
            "debug": "*",
            "fresh": "0.2.0",
            "mime": "~1.2.9",
            "range-parser": "0.0.4"
          }
        }
      }
    },
    "sntp": {
      "version": "0.2.4",
      "resolved": "https://registry.npmjs.org/sntp/-/sntp-0.2.4.tgz",
      "integrity": "sha512-bDLrKa/ywz65gCl+LmOiIhteP1bhEsAAzhfMedPoiHP3dyYnAevlaJshdqb9Yu0sRifyP/fRqSt8t+5qGIWlGQ==",
      "optional": true,
      "requires": {
        "hoek": "0.9.x"
      }
    },
    "string-width": {
      "version": "4.2.3",
      "resolved": "https://registry.npmjs.org/string-width/-/string-width-4.2.3.tgz",
      "integrity": "sha512-wKyQRQpjJ0sIp62ErSZdGsjMJWsap5oRNihHhu6G7JVO/9jIB6UyevL+tXuOqrng8j/cxKTWyWUwvSTriiZz/g==",
      "dev": true,
      "requires": {
        "emoji-regex": "^8.0.0",
        "is-fullwidth-code-point": "^3.0.0",
        "strip-ansi": "^6.0.1"
      }
    },
    "strip-ansi": {
      "version": "6.0.1",
      "resolved": "https://registry.npmjs.org/strip-ansi/-/strip-ansi-6.0.1.tgz",
      "integrity": "sha512-Y38VPSHcqkFrCpFnQ9vuSXmquuv5oXOKpGeT6aGrr3o3Gc9AlVa6JBfUSOCnbxGGZF+/0ooI7KrPuUSztUdU5A==",
      "dev": true,
      "requires": {
        "ansi-regex": "^5.0.1"
      }
    },
    "strip-json-comments": {
      "version": "3.1.1",
      "resolved": "https://registry.npmjs.org/strip-json-comments/-/strip-json-comments-3.1.1.tgz",
      "integrity": "sha512-6fPc+R4ihwqP6N/aIv2f1gMH8lOVtWQHoqC4yK6oSDVVocumAsfCqjkXnqiYMhmMwS/mEHLp7Vehlt3ql6lEig==",
      "dev": true
    },
    "supports-color": {
      "version": "8.1.1",
      "resolved": "https://registry.npmjs.org/supports-color/-/supports-color-8.1.1.tgz",
      "integrity": "sha512-MpUEN2OodtUzxvKQl72cUF7RQ5EiHsGvSsVG0ia9c5RbWGL2CI4C7EpPS8UTBIplnlzZiNuV56w+FuNxy3ty2Q==",
      "dev": true,
      "requires": {
        "has-flag": "^4.0.0"
      }
    },
    "to-regex-range": {
      "version": "5.0.1",
      "resolved": "https://registry.npmjs.org/to-regex-range/-/to-regex-range-5.0.1.tgz",
      "integrity": "sha512-65P7iz6X5yEr1cwcgvQxbbIw7Uk3gOy5dIdtZ4rDveLqhrdJP+Li/Hx6tyK0NEb+2GCyneCMJiGqrADCSNk8sQ==",
      "dev": true,
      "requires": {
        "is-number": "^7.0.0"
      }
    },
    "tough-cookie": {
      "version": "4.1.2",
      "resolved": "https://registry.npmjs.org/tough-cookie/-/tough-cookie-4.1.2.tgz",
      "integrity": "sha512-G9fqXWoYFZgTc2z8Q5zaHy/vJMjm+WV0AkAeHxVCQiEB1b+dGvWzFW6QV07cY5jQ5gRkeid2qIkzkxUnmoQZUQ==",
      "optional": true,
      "requires": {
        "psl": "^1.1.33",
        "punycode": "^2.1.1",
        "universalify": "^0.2.0",
        "url-parse": "^1.5.3"
      }
    },
    "tunnel-agent": {
      "version": "0.3.0",
      "resolved": "https://registry.npmjs.org/tunnel-agent/-/tunnel-agent-0.3.0.tgz",
      "integrity": "sha512-jlGqHGoKzyyjhwv/c9omAgohntThMcGtw8RV/RDLlkbbc08kni/akVxO62N8HaXMVbVsK1NCnpSK3N2xCt22ww==",
      "optional": true
    },
    "type-detect": {
      "version": "4.0.8",
      "resolved": "https://registry.npmjs.org/type-detect/-/type-detect-4.0.8.tgz",
      "integrity": "sha512-0fr/mIH1dlO+x7TlcMy+bIDqKPsw/70tVyeHW787goQjhmqaZe10uwLujubK9q9Lg6Fiho1KUKDYz0Z7k7g5/g==",
      "dev": true
    },
    "type-is": {
      "version": "1.0.0",
      "resolved": "https://registry.npmjs.org/type-is/-/type-is-1.0.0.tgz",
      "integrity": "sha512-CLdmAJgLeMtSPcTFX3eDdC1+ysfYoVdcYjMtuDtg23/fhHXoP5quNsvobr05ZNlG7og+oHQ4bosEzJX++DlIzQ==",
      "requires": {
        "mime": "~1.2.11"
      }
    },
    "universalify": {
      "version": "0.2.0",
      "resolved": "https://registry.npmjs.org/universalify/-/universalify-0.2.0.tgz",
      "integrity": "sha512-CJ1QgKmNg3CwvAv/kOFmtnEN05f0D/cn9QntgNOQlQF9dgvVTHj3t+8JPdjqawCHk7V/KA+fbUqzZ9XWhcqPUg==",
      "optional": true
    },
    "url-parse": {
      "version": "1.5.10",
      "resolved": "https://registry.npmjs.org/url-parse/-/url-parse-1.5.10.tgz",
      "integrity": "sha512-WypcfiRhfeUP9vvF0j6rw0J3hrWrw6iZv3+22h6iRMJ/8z1Tj6XfLP4DsUix5MhMPnXpiHDoKyoZ/bdCkwBCiQ==",
      "optional": true,
      "requires": {
        "querystringify": "^2.1.1",
        "requires-port": "^1.0.0"
      }
    },
    "utils-merge": {
      "version": "1.0.0",
      "resolved": "https://registry.npmjs.org/utils-merge/-/utils-merge-1.0.0.tgz",
      "integrity": "sha512-HwU9SLQEtyo+0uoKXd1nkLqigUWLB+QuNQR4OcmB73eWqksM5ovuqcycks2x043W8XVb75rG1HQ0h93TMXkzQQ=="
    },
    "workerpool": {
      "version": "6.2.1",
      "resolved": "https://registry.npmjs.org/workerpool/-/workerpool-6.2.1.tgz",
      "integrity": "sha512-ILEIE97kDZvF9Wb9f6h5aXK4swSlKGUcOEGiIYb2OOu/IrDU9iwj0fD//SsA6E5ibwJxpEvhullJY4Sl4GcpAw==",
      "dev": true
    },
    "wrap-ansi": {
      "version": "7.0.0",
      "resolved": "https://registry.npmjs.org/wrap-ansi/-/wrap-ansi-7.0.0.tgz",
      "integrity": "sha512-YVGIj2kamLSTxw6NsZjoBxfSwsn0ycdesmc4p+Q21c5zPuZ1pl+NfxVdxPtdHvmNVOQ6XSYG4AUtyt/Fi7D16Q==",
      "dev": true,
      "requires": {
        "ansi-styles": "^4.0.0",
        "string-width": "^4.1.0",
        "strip-ansi": "^6.0.0"
      }
    },
    "wrappy": {
      "version": "1.0.2",
      "resolved": "https://registry.npmjs.org/wrappy/-/wrappy-1.0.2.tgz",
      "integrity": "sha512-l4Sp/DRseor9wL6EvV2+TuQn63dMkPjZ/sp9XkghTEbV9KlPS1xUsZ3u7/IQO4wxtcFB4bgpQPRcR3QCvezPcQ==",
      "dev": true
    },
    "y18n": {
      "version": "5.0.8",
      "resolved": "https://registry.npmjs.org/y18n/-/y18n-5.0.8.tgz",
      "integrity": "sha512-0pfFzegeDWJHJIAmTLRP2DwHjdF5s7jo9tuztdQxAhINCdvS+3nGINqPd00AphqJR/0LhANUS6/+7SCb98YOfA==",
      "dev": true
    },
    "yargs": {
      "version": "16.2.0",
      "resolved": "https://registry.npmjs.org/yargs/-/yargs-16.2.0.tgz",
      "integrity": "sha512-D1mvvtDG0L5ft/jGWkLpG1+m0eQxOfaBvTNELraWj22wSVUMWxZUvYgJYcKh6jGGIkJFhH4IZPQhR4TKpc8mBw==",
      "dev": true,
      "requires": {
        "cliui": "^7.0.2",
        "escalade": "^3.1.1",
        "get-caller-file": "^2.0.5",
        "require-directory": "^2.1.1",
        "string-width": "^4.2.0",
        "y18n": "^5.0.5",
        "yargs-parser": "^20.2.2"
      }
    },
    "yargs-parser": {
      "version": "20.2.4",
      "resolved": "https://registry.npmjs.org/yargs-parser/-/yargs-parser-20.2.4.tgz",
      "integrity": "sha512-WOkpgNhPTlE73h4VFAFsOnomJVaovO8VqLDzy5saChRBFQFBoMYirowyW+Q9HB4HFF4Z7VZTiG3iSzJJA29yRA==",
      "dev": true
    },
    "yargs-unparser": {
      "version": "2.0.0",
      "resolved": "https://registry.npmjs.org/yargs-unparser/-/yargs-unparser-2.0.0.tgz",
      "integrity": "sha512-7pRTIA9Qc1caZ0bZ6RYRGbHJthJWuakf+WmHK0rVeLkNrrGhfoabBNdue6kdINI6r4if7ocq9aD/n7xwKOdzOA==",
      "dev": true,
      "requires": {
        "camelcase": "^6.0.0",
        "decamelize": "^4.0.0",
        "flat": "^5.0.2",
        "is-plain-obj": "^2.1.0"
      }
    },
    "yocto-queue": {
      "version": "0.1.0",
      "resolved": "https://registry.npmjs.org/yocto-queue/-/yocto-queue-0.1.0.tgz",
      "integrity": "sha512-rVksvsnNCdJ/ohGc6xgPwyN8eheCxsiLM8mxuE/t/mOVqJewPuO1miLpTHQiRgTKCLexL4MeAFVagts7HmNZ2Q==",
      "dev": true
    }
  }
}
